// !$*UTF8*$!
{
	archiveVersion = 1;
	classes = {
	};
	objectVersion = 50;
	objects = {

/* Begin PBXBuildFile section */
		50AC645E2508020C0069B33F /* AppDelegate.swift in Sources */ = {isa = PBXBuildFile; fileRef = 50AC645D2508020C0069B33F /* AppDelegate.swift */; };
		50AC64602508020C0069B33F /* SceneDelegate.swift in Sources */ = {isa = PBXBuildFile; fileRef = 50AC645F2508020C0069B33F /* SceneDelegate.swift */; };
		50AC64622508020C0069B33F /* ContentView.swift in Sources */ = {isa = PBXBuildFile; fileRef = 50AC64612508020C0069B33F /* ContentView.swift */; };
		50AC64642508020D0069B33F /* Assets.xcassets in Resources */ = {isa = PBXBuildFile; fileRef = 50AC64632508020D0069B33F /* Assets.xcassets */; };
		50AC64672508020D0069B33F /* Preview Assets.xcassets in Resources */ = {isa = PBXBuildFile; fileRef = 50AC64662508020D0069B33F /* Preview Assets.xcassets */; };
		50AC646A2508020D0069B33F /* LaunchScreen.storyboard in Resources */ = {isa = PBXBuildFile; fileRef = 50AC64682508020D0069B33F /* LaunchScreen.storyboard */; };
		50AC6478250802290069B33F /* KeyboardViewController.swift in Sources */ = {isa = PBXBuildFile; fileRef = 50AC6477250802290069B33F /* KeyboardViewController.swift */; };
		50AC647C250802290069B33F /* TestKeuboard.appex in Embed App Extensions */ = {isa = PBXBuildFile; fileRef = 50AC6475250802290069B33F /* TestKeuboard.appex */; settings = {ATTRIBUTES = (RemoveHeadersOnCopy, ); }; };
		50AE111425094E470046E2BA /* KeyboardHostingController.swift in Sources */ = {isa = PBXBuildFile; fileRef = 50AE111325094E470046E2BA /* KeyboardHostingController.swift */; };
		50AE111625094EF30046E2BA /* UIInputViewController+Extensions.swift in Sources */ = {isa = PBXBuildFile; fileRef = 50AE111525094EF30046E2BA /* UIInputViewController+Extensions.swift */; };
		50AE111825094F770046E2BA /* KeyboardView.swift in Sources */ = {isa = PBXBuildFile; fileRef = 50AE111725094F770046E2BA /* KeyboardView.swift */; };
		50AE111A25095F9E0046E2BA /* UIView+Extensions.swift in Sources */ = {isa = PBXBuildFile; fileRef = 50AE111925095F9E0046E2BA /* UIView+Extensions.swift */; };
		50AE111C2509620A0046E2BA /* CustomTextField.swift in Sources */ = {isa = PBXBuildFile; fileRef = 50AE111B2509620A0046E2BA /* CustomTextField.swift */; };
/* End PBXBuildFile section */

/* Begin PBXContainerItemProxy section */
		50AC647A250802290069B33F /* PBXContainerItemProxy */ = {
			isa = PBXContainerItemProxy;
			containerPortal = 50AC64522508020B0069B33F /* Project object */;
			proxyType = 1;
			remoteGlobalIDString = 50AC6474250802290069B33F;
			remoteInfo = TestKeuboard;
		};
/* End PBXContainerItemProxy section */

/* Begin PBXCopyFilesBuildPhase section */
		50AC6480250802290069B33F /* Embed App Extensions */ = {
			isa = PBXCopyFilesBuildPhase;
			buildActionMask = 2147483647;
			dstPath = "";
			dstSubfolderSpec = 13;
			files = (
				50AC647C250802290069B33F /* TestKeuboard.appex in Embed App Extensions */,
			);
			name = "Embed App Extensions";
			runOnlyForDeploymentPostprocessing = 0;
		};
/* End PBXCopyFilesBuildPhase section */

/* Begin PBXFileReference section */
		50AC645A2508020C0069B33F /* TestKeyboard.app */ = {isa = PBXFileReference; explicitFileType = wrapper.application; includeInIndex = 0; path = TestKeyboard.app; sourceTree = BUILT_PRODUCTS_DIR; };
		50AC645D2508020C0069B33F /* AppDelegate.swift */ = {isa = PBXFileReference; lastKnownFileType = sourcecode.swift; path = AppDelegate.swift; sourceTree = "<group>"; };
		50AC645F2508020C0069B33F /* SceneDelegate.swift */ = {isa = PBXFileReference; lastKnownFileType = sourcecode.swift; path = SceneDelegate.swift; sourceTree = "<group>"; };
		50AC64612508020C0069B33F /* ContentView.swift */ = {isa = PBXFileReference; lastKnownFileType = sourcecode.swift; path = ContentView.swift; sourceTree = "<group>"; };
		50AC64632508020D0069B33F /* Assets.xcassets */ = {isa = PBXFileReference; lastKnownFileType = folder.assetcatalog; path = Assets.xcassets; sourceTree = "<group>"; };
		50AC64662508020D0069B33F /* Preview Assets.xcassets */ = {isa = PBXFileReference; lastKnownFileType = folder.assetcatalog; path = "Preview Assets.xcassets"; sourceTree = "<group>"; };
		50AC64692508020D0069B33F /* Base */ = {isa = PBXFileReference; lastKnownFileType = file.storyboard; name = Base; path = Base.lproj/LaunchScreen.storyboard; sourceTree = "<group>"; };
		50AC646B2508020D0069B33F /* Info.plist */ = {isa = PBXFileReference; lastKnownFileType = text.plist.xml; path = Info.plist; sourceTree = "<group>"; };
		50AC6475250802290069B33F /* TestKeuboard.appex */ = {isa = PBXFileReference; explicitFileType = "wrapper.app-extension"; includeInIndex = 0; path = TestKeuboard.appex; sourceTree = BUILT_PRODUCTS_DIR; };
		50AC6477250802290069B33F /* KeyboardViewController.swift */ = {isa = PBXFileReference; lastKnownFileType = sourcecode.swift; path = KeyboardViewController.swift; sourceTree = "<group>"; };
		50AC6479250802290069B33F /* Info.plist */ = {isa = PBXFileReference; lastKnownFileType = text.plist.xml; path = Info.plist; sourceTree = "<group>"; };
		50AE111325094E470046E2BA /* KeyboardHostingController.swift */ = {isa = PBXFileReference; lastKnownFileType = sourcecode.swift; path = KeyboardHostingController.swift; sourceTree = "<group>"; };
		50AE111525094EF30046E2BA /* UIInputViewController+Extensions.swift */ = {isa = PBXFileReference; lastKnownFileType = sourcecode.swift; path = "UIInputViewController+Extensions.swift"; sourceTree = "<group>"; };
		50AE111725094F770046E2BA /* KeyboardView.swift */ = {isa = PBXFileReference; lastKnownFileType = sourcecode.swift; path = KeyboardView.swift; sourceTree = "<group>"; };
		50AE111925095F9E0046E2BA /* UIView+Extensions.swift */ = {isa = PBXFileReference; lastKnownFileType = sourcecode.swift; path = "UIView+Extensions.swift"; sourceTree = "<group>"; };
		50AE111B2509620A0046E2BA /* CustomTextField.swift */ = {isa = PBXFileReference; lastKnownFileType = sourcecode.swift; path = CustomTextField.swift; sourceTree = "<group>"; };
/* End PBXFileReference section */

/* Begin PBXFrameworksBuildPhase section */
		50AC64572508020B0069B33F /* Frameworks */ = {
			isa = PBXFrameworksBuildPhase;
			buildActionMask = 2147483647;
			files = (
			);
			runOnlyForDeploymentPostprocessing = 0;
		};
		50AC6472250802290069B33F /* Frameworks */ = {
			isa = PBXFrameworksBuildPhase;
			buildActionMask = 2147483647;
			files = (
			);
			runOnlyForDeploymentPostprocessing = 0;
		};
/* End PBXFrameworksBuildPhase section */

/* Begin PBXGroup section */
		50AC64512508020B0069B33F = {
			isa = PBXGroup;
			children = (
				50AC645C2508020C0069B33F /* TestKeyboard */,
				50AC6476250802290069B33F /* TestKeuboard */,
				50AC645B2508020C0069B33F /* Products */,
			);
			sourceTree = "<group>";
		};
		50AC645B2508020C0069B33F /* Products */ = {
			isa = PBXGroup;
			children = (
				50AC645A2508020C0069B33F /* TestKeyboard.app */,
				50AC6475250802290069B33F /* TestKeuboard.appex */,
			);
			name = Products;
			sourceTree = "<group>";
		};
		50AC645C2508020C0069B33F /* TestKeyboard */ = {
			isa = PBXGroup;
			children = (
				50AC645D2508020C0069B33F /* AppDelegate.swift */,
				50AC645F2508020C0069B33F /* SceneDelegate.swift */,
				50AC64612508020C0069B33F /* ContentView.swift */,
				50AC64632508020D0069B33F /* Assets.xcassets */,
				50AC64682508020D0069B33F /* LaunchScreen.storyboard */,
				50AC646B2508020D0069B33F /* Info.plist */,
				50AC64652508020D0069B33F /* Preview Content */,
			);
			path = TestKeyboard;
			sourceTree = "<group>";
		};
		50AC64652508020D0069B33F /* Preview Content */ = {
			isa = PBXGroup;
			children = (
				50AC64662508020D0069B33F /* Preview Assets.xcassets */,
			);
			path = "Preview Content";
			sourceTree = "<group>";
		};
		50AC6476250802290069B33F /* TestKeuboard */ = {
			isa = PBXGroup;
			children = (
				50AC6477250802290069B33F /* KeyboardViewController.swift */,
				50AC6479250802290069B33F /* Info.plist */,
				50AE111325094E470046E2BA /* KeyboardHostingController.swift */,
				50AE111525094EF30046E2BA /* UIInputViewController+Extensions.swift */,
				50AE111725094F770046E2BA /* KeyboardView.swift */,
				50AE111925095F9E0046E2BA /* UIView+Extensions.swift */,
				50AE111B2509620A0046E2BA /* CustomTextField.swift */,
			);
			path = TestKeuboard;
			sourceTree = "<group>";
		};
/* End PBXGroup section */

/* Begin PBXNativeTarget section */
		50AC64592508020B0069B33F /* TestKeyboard */ = {
			isa = PBXNativeTarget;
			buildConfigurationList = 50AC646E2508020D0069B33F /* Build configuration list for PBXNativeTarget "TestKeyboard" */;
			buildPhases = (
				50AC64562508020B0069B33F /* Sources */,
				50AC64572508020B0069B33F /* Frameworks */,
				50AC64582508020B0069B33F /* Resources */,
				50AC6480250802290069B33F /* Embed App Extensions */,
			);
			buildRules = (
			);
			dependencies = (
				50AC647B250802290069B33F /* PBXTargetDependency */,
			);
			name = TestKeyboard;
			productName = TestKeyboard;
			productReference = 50AC645A2508020C0069B33F /* TestKeyboard.app */;
			productType = "com.apple.product-type.application";
		};
		50AC6474250802290069B33F /* TestKeuboard */ = {
			isa = PBXNativeTarget;
			buildConfigurationList = 50AC647D250802290069B33F /* Build configuration list for PBXNativeTarget "TestKeuboard" */;
			buildPhases = (
				50AC6471250802290069B33F /* Sources */,
				50AC6472250802290069B33F /* Frameworks */,
				50AC6473250802290069B33F /* Resources */,
			);
			buildRules = (
			);
			dependencies = (
			);
			name = TestKeuboard;
			productName = TestKeuboard;
			productReference = 50AC6475250802290069B33F /* TestKeuboard.appex */;
			productType = "com.apple.product-type.app-extension";
		};
/* End PBXNativeTarget section */

/* Begin PBXProject section */
		50AC64522508020B0069B33F /* Project object */ = {
			isa = PBXProject;
			attributes = {
				LastSwiftUpdateCheck = 1170;
				LastUpgradeCheck = 1170;
				ORGANIZATIONNAME = "Albilaga Linggra Pradana";
				TargetAttributes = {
					50AC64592508020B0069B33F = {
						CreatedOnToolsVersion = 11.7;
					};
					50AC6474250802290069B33F = {
						CreatedOnToolsVersion = 11.7;
					};
				};
			};
			buildConfigurationList = 50AC64552508020B0069B33F /* Build configuration list for PBXProject "TestKeyboard" */;
			compatibilityVersion = "Xcode 9.3";
			developmentRegion = en;
			hasScannedForEncodings = 0;
			knownRegions = (
				en,
				Base,
			);
			mainGroup = 50AC64512508020B0069B33F;
			productRefGroup = 50AC645B2508020C0069B33F /* Products */;
			projectDirPath = "";
			projectRoot = "";
			targets = (
				50AC64592508020B0069B33F /* TestKeyboard */,
				50AC6474250802290069B33F /* TestKeuboard */,
			);
		};
/* End PBXProject section */

/* Begin PBXResourcesBuildPhase section */
		50AC64582508020B0069B33F /* Resources */ = {
			isa = PBXResourcesBuildPhase;
			buildActionMask = 2147483647;
			files = (
				50AC646A2508020D0069B33F /* LaunchScreen.storyboard in Resources */,
				50AC64672508020D0069B33F /* Preview Assets.xcassets in Resources */,
				50AC64642508020D0069B33F /* Assets.xcassets in Resources */,
			);
			runOnlyForDeploymentPostprocessing = 0;
		};
		50AC6473250802290069B33F /* Resources */ = {
			isa = PBXResourcesBuildPhase;
			buildActionMask = 2147483647;
			files = (
			);
			runOnlyForDeploymentPostprocessing = 0;
		};
/* End PBXResourcesBuildPhase section */

/* Begin PBXSourcesBuildPhase section */
		50AC64562508020B0069B33F /* Sources */ = {
			isa = PBXSourcesBuildPhase;
			buildActionMask = 2147483647;
			files = (
				50AC645E2508020C0069B33F /* AppDelegate.swift in Sources */,
				50AC64602508020C0069B33F /* SceneDelegate.swift in Sources */,
				50AC64622508020C0069B33F /* ContentView.swift in Sources */,
			);
			runOnlyForDeploymentPostprocessing = 0;
		};
		50AC6471250802290069B33F /* Sources */ = {
			isa = PBXSourcesBuildPhase;
			buildActionMask = 2147483647;
			files = (
				50AC6478250802290069B33F /* KeyboardViewController.swift in Sources */,
				50AE111825094F770046E2BA /* KeyboardView.swift in Sources */,
				50AE111C2509620A0046E2BA /* CustomTextField.swift in Sources */,
				50AE111A25095F9E0046E2BA /* UIView+Extensions.swift in Sources */,
				50AE111425094E470046E2BA /* KeyboardHostingController.swift in Sources */,
				50AE111625094EF30046E2BA /* UIInputViewController+Extensions.swift in Sources */,
			);
			runOnlyForDeploymentPostprocessing = 0;
		};
/* End PBXSourcesBuildPhase section */

/* Begin PBXTargetDependency section */
		50AC647B250802290069B33F /* PBXTargetDependency */ = {
			isa = PBXTargetDependency;
			target = 50AC6474250802290069B33F /* TestKeuboard */;
			targetProxy = 50AC647A250802290069B33F /* PBXContainerItemProxy */;
		};
/* End PBXTargetDependency section */

/* Begin PBXVariantGroup section */
		50AC64682508020D0069B33F /* LaunchScreen.storyboard */ = {
			isa = PBXVariantGroup;
			children = (
				50AC64692508020D0069B33F /* Base */,
			);
			name = LaunchScreen.storyboard;
			sourceTree = "<group>";
		};
/* End PBXVariantGroup section */

/* Begin XCBuildConfiguration section */
		50AC646C2508020D0069B33F /* Debug */ = {
			isa = XCBuildConfiguration;
			buildSettings = {
				ALWAYS_SEARCH_USER_PATHS = NO;
				CLANG_ANALYZER_NONNULL = YES;
				CLANG_ANALYZER_NUMBER_OBJECT_CONVERSION = YES_AGGRESSIVE;
				CLANG_CXX_LANGUAGE_STANDARD = "gnu++14";
				CLANG_CXX_LIBRARY = "libc++";
				CLANG_ENABLE_MODULES = YES;
				CLANG_ENABLE_OBJC_ARC = YES;
				CLANG_ENABLE_OBJC_WEAK = YES;
				CLANG_WARN_BLOCK_CAPTURE_AUTORELEASING = YES;
				CLANG_WARN_BOOL_CONVERSION = YES;
				CLANG_WARN_COMMA = YES;
				CLANG_WARN_CONSTANT_CONVERSION = YES;
				CLANG_WARN_DEPRECATED_OBJC_IMPLEMENTATIONS = YES;
				CLANG_WARN_DIRECT_OBJC_ISA_USAGE = YES_ERROR;
				CLANG_WARN_DOCUMENTATION_COMMENTS = YES;
				CLANG_WARN_EMPTY_BODY = YES;
				CLANG_WARN_ENUM_CONVERSION = YES;
				CLANG_WARN_INFINITE_RECURSION = YES;
				CLANG_WARN_INT_CONVERSION = YES;
				CLANG_WARN_NON_LITERAL_NULL_CONVERSION = YES;
				CLANG_WARN_OBJC_IMPLICIT_RETAIN_SELF = YES;
				CLANG_WARN_OBJC_LITERAL_CONVERSION = YES;
				CLANG_WARN_OBJC_ROOT_CLASS = YES_ERROR;
				CLANG_WARN_RANGE_LOOP_ANALYSIS = YES;
				CLANG_WARN_STRICT_PROTOTYPES = YES;
				CLANG_WARN_SUSPICIOUS_MOVE = YES;
				CLANG_WARN_UNGUARDED_AVAILABILITY = YES_AGGRESSIVE;
				CLANG_WARN_UNREACHABLE_CODE = YES;
				CLANG_WARN__DUPLICATE_METHOD_MATCH = YES;
				COPY_PHASE_STRIP = NO;
				DEBUG_INFORMATION_FORMAT = dwarf;
				ENABLE_STRICT_OBJC_MSGSEND = YES;
				ENABLE_TESTABILITY = YES;
				GCC_C_LANGUAGE_STANDARD = gnu11;
				GCC_DYNAMIC_NO_PIC = NO;
				GCC_NO_COMMON_BLOCKS = YES;
				GCC_OPTIMIZATION_LEVEL = 0;
				GCC_PREPROCESSOR_DEFINITIONS = (
					"DEBUG=1",
					"$(inherited)",
				);
				GCC_WARN_64_TO_32_BIT_CONVERSION = YES;
				GCC_WARN_ABOUT_RETURN_TYPE = YES_ERROR;
				GCC_WARN_UNDECLARED_SELECTOR = YES;
				GCC_WARN_UNINITIALIZED_AUTOS = YES_AGGRESSIVE;
				GCC_WARN_UNUSED_FUNCTION = YES;
				GCC_WARN_UNUSED_VARIABLE = YES;
				IPHONEOS_DEPLOYMENT_TARGET = 13.7;
				MTL_ENABLE_DEBUG_INFO = INCLUDE_SOURCE;
				MTL_FAST_MATH = YES;
				ONLY_ACTIVE_ARCH = YES;
				SDKROOT = iphoneos;
				SWIFT_ACTIVE_COMPILATION_CONDITIONS = DEBUG;
				SWIFT_OPTIMIZATION_LEVEL = "-Onone";
			};
			name = Debug;
		};
		50AC646D2508020D0069B33F /* Release */ = {
			isa = XCBuildConfiguration;
			buildSettings = {
				ALWAYS_SEARCH_USER_PATHS = NO;
				CLANG_ANALYZER_NONNULL = YES;
				CLANG_ANALYZER_NUMBER_OBJECT_CONVERSION = YES_AGGRESSIVE;
				CLANG_CXX_LANGUAGE_STANDARD = "gnu++14";
				CLANG_CXX_LIBRARY = "libc++";
				CLANG_ENABLE_MODULES = YES;
				CLANG_ENABLE_OBJC_ARC = YES;
				CLANG_ENABLE_OBJC_WEAK = YES;
				CLANG_WARN_BLOCK_CAPTURE_AUTORELEASING = YES;
				CLANG_WARN_BOOL_CONVERSION = YES;
				CLANG_WARN_COMMA = YES;
				CLANG_WARN_CONSTANT_CONVERSION = YES;
				CLANG_WARN_DEPRECATED_OBJC_IMPLEMENTATIONS = YES;
				CLANG_WARN_DIRECT_OBJC_ISA_USAGE = YES_ERROR;
				CLANG_WARN_DOCUMENTATION_COMMENTS = YES;
				CLANG_WARN_EMPTY_BODY = YES;
				CLANG_WARN_ENUM_CONVERSION = YES;
				CLANG_WARN_INFINITE_RECURSION = YES;
				CLANG_WARN_INT_CONVERSION = YES;
				CLANG_WARN_NON_LITERAL_NULL_CONVERSION = YES;
				CLANG_WARN_OBJC_IMPLICIT_RETAIN_SELF = YES;
				CLANG_WARN_OBJC_LITERAL_CONVERSION = YES;
				CLANG_WARN_OBJC_ROOT_CLASS = YES_ERROR;
				CLANG_WARN_RANGE_LOOP_ANALYSIS = YES;
				CLANG_WARN_STRICT_PROTOTYPES = YES;
				CLANG_WARN_SUSPICIOUS_MOVE = YES;
				CLANG_WARN_UNGUARDED_AVAILABILITY = YES_AGGRESSIVE;
				CLANG_WARN_UNREACHABLE_CODE = YES;
				CLANG_WARN__DUPLICATE_METHOD_MATCH = YES;
				COPY_PHASE_STRIP = NO;
				DEBUG_INFORMATION_FORMAT = "dwarf-with-dsym";
				ENABLE_NS_ASSERTIONS = NO;
				ENABLE_STRICT_OBJC_MSGSEND = YES;
				GCC_C_LANGUAGE_STANDARD = gnu11;
				GCC_NO_COMMON_BLOCKS = YES;
				GCC_WARN_64_TO_32_BIT_CONVERSION = YES;
				GCC_WARN_ABOUT_RETURN_TYPE = YES_ERROR;
				GCC_WARN_UNDECLARED_SELECTOR = YES;
				GCC_WARN_UNINITIALIZED_AUTOS = YES_AGGRESSIVE;
				GCC_WARN_UNUSED_FUNCTION = YES;
				GCC_WARN_UNUSED_VARIABLE = YES;
				IPHONEOS_DEPLOYMENT_TARGET = 13.7;
				MTL_ENABLE_DEBUG_INFO = NO;
				MTL_FAST_MATH = YES;
				SDKROOT = iphoneos;
				SWIFT_COMPILATION_MODE = wholemodule;
				SWIFT_OPTIMIZATION_LEVEL = "-O";
				VALIDATE_PRODUCT = YES;
			};
			name = Release;
		};
		50AC646F2508020D0069B33F /* Debug */ = {
			isa = XCBuildConfiguration;
			buildSettings = {
				ALWAYS_EMBED_SWIFT_STANDARD_LIBRARIES = YES;
				ASSETCATALOG_COMPILER_APPICON_NAME = AppIcon;
				CODE_SIGN_STYLE = Automatic;
				DEVELOPMENT_ASSET_PATHS = "\"TestKeyboard/Preview Content\"";
				ENABLE_PREVIEWS = YES;
				INFOPLIST_FILE = TestKeyboard/Info.plist;
				LD_RUNPATH_SEARCH_PATHS = (
					"$(inherited)",
					"@executable_path/Frameworks",
				);
				PRODUCT_BUNDLE_IDENTIFIER = com.pradana.TestKeyboard;
				PRODUCT_NAME = "$(TARGET_NAME)";
				SWIFT_VERSION = 5.0;
				TARGETED_DEVICE_FAMILY = "1,2";
			};
			name = Debug;
		};
		50AC64702508020D0069B33F /* Release */ = {
			isa = XCBuildConfiguration;
			buildSettings = {
				ALWAYS_EMBED_SWIFT_STANDARD_LIBRARIES = YES;
				ASSETCATALOG_COMPILER_APPICON_NAME = AppIcon;
				CODE_SIGN_STYLE = Automatic;
				DEVELOPMENT_ASSET_PATHS = "\"TestKeyboard/Preview Content\"";
				ENABLE_PREVIEWS = YES;
				INFOPLIST_FILE = TestKeyboard/Info.plist;
				LD_RUNPATH_SEARCH_PATHS = (
					"$(inherited)",
					"@executable_path/Frameworks",
				);
				PRODUCT_BUNDLE_IDENTIFIER = com.pradana.TestKeyboard;
				PRODUCT_NAME = "$(TARGET_NAME)";
				SWIFT_VERSION = 5.0;
				TARGETED_DEVICE_FAMILY = "1,2";
			};
			name = Release;
		};
		50AC647E250802290069B33F /* Debug */ = {
			isa = XCBuildConfiguration;
			buildSettings = {
				CODE_SIGN_STYLE = Automatic;
				INFOPLIST_FILE = TestKeuboard/Info.plist;
				LD_RUNPATH_SEARCH_PATHS = (
					"$(inherited)",
					"@executable_path/Frameworks",
					"@executable_path/../../Frameworks",
				);
				PRODUCT_BUNDLE_IDENTIFIER = com.pradana.TestKeyboard.TestKeuboard;
				PRODUCT_NAME = "$(TARGET_NAME)";
				SKIP_INSTALL = YES;
				SWIFT_VERSION = 5.0;
				TARGETED_DEVICE_FAMILY = "1,2";
			};
			name = Debug;
		};
		50AC647F250802290069B33F /* Release */ = {
			isa = XCBuildConfiguration;
			buildSettings = {
				CODE_SIGN_STYLE = Automatic;
				INFOPLIST_FILE = TestKeuboard/Info.plist;
				LD_RUNPATH_SEARCH_PATHS = (
					"$(inherited)",
					"@executable_path/Frameworks",
					"@executable_path/../../Frameworks",
				);
				PRODUCT_BUNDLE_IDENTIFIER = com.pradana.TestKeyboard.TestKeuboard;
				PRODUCT_NAME = "$(TARGET_NAME)";
				SKIP_INSTALL = YES;
				SWIFT_VERSION = 5.0;
				TARGETED_DEVICE_FAMILY = "1,2";
			};
			name = Release;
		};
/* End XCBuildConfiguration section */

/* Begin XCConfigurationList section */
		50AC64552508020B0069B33F /* Build configuration list for PBXProject "TestKeyboard" */ = {
			isa = XCConfigurationList;
			buildConfigurations = (
				50AC646C2508020D0069B33F /* Debug */,
				50AC646D2508020D0069B33F /* Release */,
			);
			defaultConfigurationIsVisible = 0;
			defaultConfigurationName = Release;
		};
		50AC646E2508020D0069B33F /* Build configuration list for PBXNativeTarget "TestKeyboard" */ = {
			isa = XCConfigurationList;
			buildConfigurations = (
				50AC646F2508020D0069B33F /* Debug */,
				50AC64702508020D0069B33F /* Release */,
			);
			defaultConfigurationIsVisible = 0;
			defaultConfigurationName = Release;
		};
		50AC647D250802290069B33F /* Build configuration list for PBXNativeTarget "TestKeuboard" */ = {
			isa = XCConfigurationList;
			buildConfigurations = (
				50AC647E250802290069B33F /* Debug */,
				50AC647F250802290069B33F /* Release */,
			);
			defaultConfigurationIsVisible = 0;
			defaultConfigurationName = Release;
		};
/* End XCConfigurationList section */
	};
	rootObject = 50AC64522508020B0069B33F /* Project object */;
}
